
Microsoft Visual Studio Solution File, Format Version 12.00
# Visual Studio Version 16
VisualStudioVersion = 16.0.28922.388
MinimumVisualStudioVersion = 10.0.40219.1
Project("{9A19103F-16F7-4668-BE54-9A1E7A4F7556}") = "Sedc.G2.PizzApp", "Sedc.G2.PizzApp\Sedc.G2.PizzApp.csproj", "{1BCE404A-4FB0-4697-8BFA-90D902B27A87}"
EndProject
Project("{FAE04EC0-301F-11D3-BF4B-00C04F79EFBC}") = "Sedc.G2.PizzApp.Model", "Sedc.G2.PizzApp.Model\Sedc.G2.PizzApp.Model.csproj", "{9E593982-A3CB-4F97-AE80-5F36C9E849F4}"
EndProject
Global
	GlobalSection(SolutionConfigurationPlatforms) = preSolution
		Debug|Any CPU = Debug|Any CPU
		Release|Any CPU = Release|Any CPU
	EndGlobalSection
	GlobalSection(ProjectConfigurationPlatforms) = postSolution
		{1BCE404A-4FB0-4697-8BFA-90D902B27A87}.Debug|Any CPU.ActiveCfg = Debug|Any CPU
		{1BCE404A-4FB0-4697-8BFA-90D902B27A87}.Debug|Any CPU.Build.0 = Debug|Any CPU
		{1BCE404A-4FB0-4697-8BFA-90D902B27A87}.Release|Any CPU.ActiveCfg = Release|Any CPU
		{1BCE404A-4FB0-4697-8BFA-90D902B27A87}.Release|Any CPU.Build.0 = Release|Any CPU
		{9E593982-A3CB-4F97-AE80-5F36C9E849F4}.Debug|Any CPU.ActiveCfg = Debug|Any CPU
		{9E593982-A3CB-4F97-AE80-5F36C9E849F4}.Debug|Any CPU.Build.0 = Debug|Any CPU
		{9E593982-A3CB-4F97-AE80-5F36C9E849F4}.Release|Any CPU.ActiveCfg = Release|Any CPU
		{9E593982-A3CB-4F97-AE80-5F36C9E849F4}.Release|Any CPU.Build.0 = Release|Any CPU
	EndGlobalSection
	GlobalSection(SolutionProperties) = preSolution
		HideSolutionNode = FALSE
	EndGlobalSection
	GlobalSection(ExtensibilityGlobals) = postSolution
		SolutionGuid = {409EE88E-3E8B-42CD-9879-779BD26B6AE0}
	EndGlobalSection
EndGlobal
