
Microsoft Visual Studio Solution File, Format Version 12.00
# Visual Studio Version 16
VisualStudioVersion = 16.0.28917.181
MinimumVisualStudioVersion = 10.0.40219.1
Project("{9A19103F-16F7-4668-BE54-9A1E7A4F7556}") = "Sedc.PizzApp.WebDemo", "Sedc.PizzApp.WebDemo\Sedc.PizzApp.WebDemo.csproj", "{B64A487B-557D-4B92-BCEA-FC762CC0E7D7}"
EndProject
Project("{FAE04EC0-301F-11D3-BF4B-00C04F79EFBC}") = "PizzApp.Repositories.Abstractions", "PizzApp.Repositories.Abstractions\PizzApp.Repositories.Abstractions.csproj", "{FC661D2C-0F5D-4D84-8760-66928225ECEA}"
EndProject
Project("{FAE04EC0-301F-11D3-BF4B-00C04F79EFBC}") = "PizzApp.Models", "PizzApp.Models\PizzApp.Models.csproj", "{F98ECFA9-2854-494F-B5DD-47CA9265246E}"
EndProject
Project("{FAE04EC0-301F-11D3-BF4B-00C04F79EFBC}") = "PizzApp.Repositories.MockImplementations", "PizzApp.Repositories.MockImplementations\PizzApp.Repositories.MockImplementations.csproj", "{1EEEBB28-8AD6-43E9-B3B2-6AE0A3479DA4}"
EndProject
Global
	GlobalSection(SolutionConfigurationPlatforms) = preSolution
		Debug|Any CPU = Debug|Any CPU
		Release|Any CPU = Release|Any CPU
	EndGlobalSection
	GlobalSection(ProjectConfigurationPlatforms) = postSolution
		{B64A487B-557D-4B92-BCEA-FC762CC0E7D7}.Debug|Any CPU.ActiveCfg = Debug|Any CPU
		{B64A487B-557D-4B92-BCEA-FC762CC0E7D7}.Debug|Any CPU.Build.0 = Debug|Any CPU
		{B64A487B-557D-4B92-BCEA-FC762CC0E7D7}.Release|Any CPU.ActiveCfg = Release|Any CPU
		{B64A487B-557D-4B92-BCEA-FC762CC0E7D7}.Release|Any CPU.Build.0 = Release|Any CPU
		{FC661D2C-0F5D-4D84-8760-66928225ECEA}.Debug|Any CPU.ActiveCfg = Debug|Any CPU
		{FC661D2C-0F5D-4D84-8760-66928225ECEA}.Debug|Any CPU.Build.0 = Debug|Any CPU
		{FC661D2C-0F5D-4D84-8760-66928225ECEA}.Release|Any CPU.ActiveCfg = Release|Any CPU
		{FC661D2C-0F5D-4D84-8760-66928225ECEA}.Release|Any CPU.Build.0 = Release|Any CPU
		{F98ECFA9-2854-494F-B5DD-47CA9265246E}.Debug|Any CPU.ActiveCfg = Debug|Any CPU
		{F98ECFA9-2854-494F-B5DD-47CA9265246E}.Debug|Any CPU.Build.0 = Debug|Any CPU
		{F98ECFA9-2854-494F-B5DD-47CA9265246E}.Release|Any CPU.ActiveCfg = Release|Any CPU
		{F98ECFA9-2854-494F-B5DD-47CA9265246E}.Release|Any CPU.Build.0 = Release|Any CPU
		{1EEEBB28-8AD6-43E9-B3B2-6AE0A3479DA4}.Debug|Any CPU.ActiveCfg = Debug|Any CPU
		{1EEEBB28-8AD6-43E9-B3B2-6AE0A3479DA4}.Debug|Any CPU.Build.0 = Debug|Any CPU
		{1EEEBB28-8AD6-43E9-B3B2-6AE0A3479DA4}.Release|Any CPU.ActiveCfg = Release|Any CPU
		{1EEEBB28-8AD6-43E9-B3B2-6AE0A3479DA4}.Release|Any CPU.Build.0 = Release|Any CPU
	EndGlobalSection
	GlobalSection(SolutionProperties) = preSolution
		HideSolutionNode = FALSE
	EndGlobalSection
	GlobalSection(ExtensibilityGlobals) = postSolution
		SolutionGuid = {9401B9D4-EFC8-448C-90FA-8D07BB2A1129}
	EndGlobalSection
EndGlobal
