
Microsoft Visual Studio Solution File, Format Version 12.00
# Visual Studio Version 16
VisualStudioVersion = 16.0.29009.5
MinimumVisualStudioVersion = 10.0.40219.1
Project("{2150E333-8FDC-42A3-9474-1A3956D46DE8}") = "Class04", "Class04", "{B221242D-05D3-4E20-A79D-A646E35B3B58}"
EndProject
Project("{2150E333-8FDC-42A3-9474-1A3956D46DE8}") = "Workshop", "Workshop", "{DF17A9BA-D2B9-4142-9BC7-592103D57A18}"
EndProject
Project("{9A19103F-16F7-4668-BE54-9A1E7A4F7556}") = "Sedc.Todo01.WebApp", "Sedc.Todo01.WebApp\Sedc.Todo01.WebApp.csproj", "{FA9C55CB-7688-40C4-AB49-5E1718AF5BA6}"
EndProject
Project("{2150E333-8FDC-42A3-9474-1A3956D46DE8}") = "Class05", "Class05", "{E85EAA52-4742-410D-999C-29C2418D5BA0}"
EndProject
Project("{2150E333-8FDC-42A3-9474-1A3956D46DE8}") = "Example00", "Example00", "{7DBFE734-E96D-4559-AD1B-2B59C4AE4C46}"
EndProject
Project("{9A19103F-16F7-4668-BE54-9A1E7A4F7556}") = "Sedc.MultipleModelView.WebApp", "Sedc.MultipleModelView.WebApp\Sedc.MultipleModelView.WebApp.csproj", "{F6E39A3E-56C3-4B71-8003-F28E491E7749}"
EndProject
Project("{9A19103F-16F7-4668-BE54-9A1E7A4F7556}") = "Sedc.ConventionalRouting.WebApp", "Sedc.ConventionalRouting.WebApp\Sedc.ConventionalRouting.WebApp.csproj", "{19EA6BCC-AAE9-4F9B-BF6B-F287853A0C61}"
EndProject
Project("{2150E333-8FDC-42A3-9474-1A3956D46DE8}") = "04 - Navigation", "04 - Navigation", "{3868ABC8-465E-456F-AB53-EF8A9C77C255}"
EndProject
Project("{9A19103F-16F7-4668-BE54-9A1E7A4F7556}") = "Sedc.AttributeRouting.WebApp", "Sedc.AttributeRouting.WebApp\Sedc.AttributeRouting.WebApp.csproj", "{AC7861C2-54DA-4830-94A1-9E444F06FB82}"
EndProject
Project("{2150E333-8FDC-42A3-9474-1A3956D46DE8}") = "00 - Intro", "00 - Intro", "{4385048D-49D9-4ABB-A5B8-2E8A82AB679F}"
EndProject
Project("{2150E333-8FDC-42A3-9474-1A3956D46DE8}") = "05 - UI and Forms", "05 - UI and Forms", "{40BFE789-85A7-4FF9-8A75-799FCC903BC7}"
EndProject
Project("{9A19103F-16F7-4668-BE54-9A1E7A4F7556}") = "Sedc.SimpleForm.WebApp", "Sedc.SimpleForm.WebApp\Sedc.SimpleForm.WebApp.csproj", "{A9C5D111-8190-4C20-9351-DBAA26BC23D3}"
EndProject
Project("{9A19103F-16F7-4668-BE54-9A1E7A4F7556}") = "Sedc.FormValidation.WebApp", "Sedc.FormValidation.WebApp\Sedc.FormValidation.WebApp.csproj", "{ED7D1B0F-CC68-4405-A610-561D319C7A3F}"
EndProject
Project("{2150E333-8FDC-42A3-9474-1A3956D46DE8}") = "06 - Filters (Basic)", "06 - Filters (Basic)", "{FD4EFC76-5CC6-49B7-BC37-A7B687D8CD0E}"
EndProject
Project("{9A19103F-16F7-4668-BE54-9A1E7A4F7556}") = "Sedc.Filters.WebApp", "Sedc.Filters.WebApp\Sedc.Filters.WebApp.csproj", "{539FF23E-D25E-4E43-B6AF-C3FB06E451E0}"
EndProject
Project("{2150E333-8FDC-42A3-9474-1A3956D46DE8}") = "Class06", "Class06", "{98DE3280-243E-4C4D-93C7-5AFE7A7598FB}"
EndProject
Global
	GlobalSection(SolutionConfigurationPlatforms) = preSolution
		Debug|Any CPU = Debug|Any CPU
		Release|Any CPU = Release|Any CPU
	EndGlobalSection
	GlobalSection(ProjectConfigurationPlatforms) = postSolution
		{FA9C55CB-7688-40C4-AB49-5E1718AF5BA6}.Debug|Any CPU.ActiveCfg = Debug|Any CPU
		{FA9C55CB-7688-40C4-AB49-5E1718AF5BA6}.Debug|Any CPU.Build.0 = Debug|Any CPU
		{FA9C55CB-7688-40C4-AB49-5E1718AF5BA6}.Release|Any CPU.ActiveCfg = Release|Any CPU
		{FA9C55CB-7688-40C4-AB49-5E1718AF5BA6}.Release|Any CPU.Build.0 = Release|Any CPU
		{F6E39A3E-56C3-4B71-8003-F28E491E7749}.Debug|Any CPU.ActiveCfg = Debug|Any CPU
		{F6E39A3E-56C3-4B71-8003-F28E491E7749}.Debug|Any CPU.Build.0 = Debug|Any CPU
		{F6E39A3E-56C3-4B71-8003-F28E491E7749}.Release|Any CPU.ActiveCfg = Release|Any CPU
		{F6E39A3E-56C3-4B71-8003-F28E491E7749}.Release|Any CPU.Build.0 = Release|Any CPU
		{19EA6BCC-AAE9-4F9B-BF6B-F287853A0C61}.Debug|Any CPU.ActiveCfg = Debug|Any CPU
		{19EA6BCC-AAE9-4F9B-BF6B-F287853A0C61}.Debug|Any CPU.Build.0 = Debug|Any CPU
		{19EA6BCC-AAE9-4F9B-BF6B-F287853A0C61}.Release|Any CPU.ActiveCfg = Release|Any CPU
		{19EA6BCC-AAE9-4F9B-BF6B-F287853A0C61}.Release|Any CPU.Build.0 = Release|Any CPU
		{AC7861C2-54DA-4830-94A1-9E444F06FB82}.Debug|Any CPU.ActiveCfg = Debug|Any CPU
		{AC7861C2-54DA-4830-94A1-9E444F06FB82}.Debug|Any CPU.Build.0 = Debug|Any CPU
		{AC7861C2-54DA-4830-94A1-9E444F06FB82}.Release|Any CPU.ActiveCfg = Release|Any CPU
		{AC7861C2-54DA-4830-94A1-9E444F06FB82}.Release|Any CPU.Build.0 = Release|Any CPU
		{A9C5D111-8190-4C20-9351-DBAA26BC23D3}.Debug|Any CPU.ActiveCfg = Debug|Any CPU
		{A9C5D111-8190-4C20-9351-DBAA26BC23D3}.Debug|Any CPU.Build.0 = Debug|Any CPU
		{A9C5D111-8190-4C20-9351-DBAA26BC23D3}.Release|Any CPU.ActiveCfg = Release|Any CPU
		{A9C5D111-8190-4C20-9351-DBAA26BC23D3}.Release|Any CPU.Build.0 = Release|Any CPU
		{ED7D1B0F-CC68-4405-A610-561D319C7A3F}.Debug|Any CPU.ActiveCfg = Debug|Any CPU
		{ED7D1B0F-CC68-4405-A610-561D319C7A3F}.Debug|Any CPU.Build.0 = Debug|Any CPU
		{ED7D1B0F-CC68-4405-A610-561D319C7A3F}.Release|Any CPU.ActiveCfg = Release|Any CPU
		{ED7D1B0F-CC68-4405-A610-561D319C7A3F}.Release|Any CPU.Build.0 = Release|Any CPU
		{539FF23E-D25E-4E43-B6AF-C3FB06E451E0}.Debug|Any CPU.ActiveCfg = Debug|Any CPU
		{539FF23E-D25E-4E43-B6AF-C3FB06E451E0}.Debug|Any CPU.Build.0 = Debug|Any CPU
		{539FF23E-D25E-4E43-B6AF-C3FB06E451E0}.Release|Any CPU.ActiveCfg = Release|Any CPU
		{539FF23E-D25E-4E43-B6AF-C3FB06E451E0}.Release|Any CPU.Build.0 = Release|Any CPU
	EndGlobalSection
	GlobalSection(SolutionProperties) = preSolution
		HideSolutionNode = FALSE
	EndGlobalSection
	GlobalSection(NestedProjects) = preSolution
		{DF17A9BA-D2B9-4142-9BC7-592103D57A18} = {B221242D-05D3-4E20-A79D-A646E35B3B58}
		{FA9C55CB-7688-40C4-AB49-5E1718AF5BA6} = {DF17A9BA-D2B9-4142-9BC7-592103D57A18}
		{7DBFE734-E96D-4559-AD1B-2B59C4AE4C46} = {4385048D-49D9-4ABB-A5B8-2E8A82AB679F}
		{F6E39A3E-56C3-4B71-8003-F28E491E7749} = {7DBFE734-E96D-4559-AD1B-2B59C4AE4C46}
		{19EA6BCC-AAE9-4F9B-BF6B-F287853A0C61} = {3868ABC8-465E-456F-AB53-EF8A9C77C255}
		{3868ABC8-465E-456F-AB53-EF8A9C77C255} = {E85EAA52-4742-410D-999C-29C2418D5BA0}
		{AC7861C2-54DA-4830-94A1-9E444F06FB82} = {3868ABC8-465E-456F-AB53-EF8A9C77C255}
		{4385048D-49D9-4ABB-A5B8-2E8A82AB679F} = {E85EAA52-4742-410D-999C-29C2418D5BA0}
		{40BFE789-85A7-4FF9-8A75-799FCC903BC7} = {E85EAA52-4742-410D-999C-29C2418D5BA0}
		{A9C5D111-8190-4C20-9351-DBAA26BC23D3} = {40BFE789-85A7-4FF9-8A75-799FCC903BC7}
		{ED7D1B0F-CC68-4405-A610-561D319C7A3F} = {40BFE789-85A7-4FF9-8A75-799FCC903BC7}
		{FD4EFC76-5CC6-49B7-BC37-A7B687D8CD0E} = {98DE3280-243E-4C4D-93C7-5AFE7A7598FB}
		{539FF23E-D25E-4E43-B6AF-C3FB06E451E0} = {FD4EFC76-5CC6-49B7-BC37-A7B687D8CD0E}
	EndGlobalSection
	GlobalSection(ExtensibilityGlobals) = postSolution
		SolutionGuid = {658F3FFD-723C-4213-BE9D-7FD69B006455}
	EndGlobalSection
EndGlobal
